
Microsoft Visual Studio Solution File, Format Version 12.00
# Visual Studio Version 17
VisualStudioVersion = 17.0.31903.59
MinimumVisualStudioVersion = 10.0.40219.1
Project("{8BC9CEB8-8B4A-11D0-8D11-00A0C91BC942}") = "Sandbox", "Sandbox\Sandbox.vcxproj", "{6C5FC14D-C284-49CD-A7ED-10CA06B7462D}"
EndProject
Project("{8BC9CEB8-8B4A-11D0-8D11-00A0C91BC942}") = "Fulcrum", "Fulcrum\Fulcrum.vcxproj", "{F46E09EB-C0CA-43EF-964E-2395E68A9F01}"
EndProject
Global
	GlobalSection(SolutionConfigurationPlatforms) = preSolution
		Debug|x64 = Debug|x64
		Release|x64 = Release|x64
	EndGlobalSection
	GlobalSection(ProjectConfigurationPlatforms) = postSolution
		{F46E09EB-C0CA-43EF-964E-2395E68A9F01}.Debug|x64.ActiveCfg = Debug|x64
		{F46E09EB-C0CA-43EF-964E-2395E68A9F01}.Debug|x64.Build.0 = Debug|x64
		{F46E09EB-C0CA-43EF-964E-2395E68A9F01}.Release|x64.ActiveCfg = Release|x64
		{F46E09EB-C0CA-43EF-964E-2395E68A9F01}.Release|x64.Build.0 = Release|x64
		{6C5FC14D-C284-49CD-A7ED-10CA06B7462D}.Debug|x64.ActiveCfg = Debug|x64
		{6C5FC14D-C284-49CD-A7ED-10CA06B7462D}.Debug|x64.Build.0 = Debug|x64
		{6C5FC14D-C284-49CD-A7ED-10CA06B7462D}.Release|x64.ActiveCfg = Release|x64
		{6C5FC14D-C284-49CD-A7ED-10CA06B7462D}.Release|x64.Build.0 = Release|x64
	EndGlobalSection
	GlobalSection(SolutionProperties) = preSolution
		HideSolutionNode = FALSE
	EndGlobalSection
	GlobalSection(ExtensibilityGlobals) = postSolution
		SolutionGuid = {BBE57721-B8BA-48BF-A102-9B283D4FEE29}
	EndGlobalSection
EndGlobal
